{
  "version": 4,
  "terraform_version": "1.6.3",
  "serial": 6,
  "lineage": "f4e9c3de-8786-5c11-9fd8-fd5ea592ceab",
  "outputs": {},
  "resources": [
    {
      "mode": "managed",
      "type": "yandex_cm_certificate",
      "name": "cert",
      "provider": "provider[\"registry.terraform.io/yandex-cloud/yandex\"]",
      "instances": [
        {
          "schema_version": 1,
          "attributes": {
            "challenges": [
              {
                "created_at": "2023-11-29T16:50:30Z",
                "dns_name": "_acme-challenge.vvot09-apigw.ru.",
                "dns_type": "CNAME",
                "dns_value": "fpqs547a5u3odiq7gnck.cm.yandexcloud.net.",
                "domain": "vvot09-apigw.ru",
                "http_content": "",
                "http_url": "",
                "message": "Create a record in your DNS provider.",
                "type": "DNS",
                "updated_at": "2023-11-29T16:50:33Z"
              }
            ],
            "created_at": "2023-11-29T16:50:30Z",
            "deletion_protection": false,
            "description": "",
            "domains": [
              "vvot09-apigw.ru"
            ],
            "folder_id": "b1g8rqr6hk041qarcuvq",
            "id": "fpqs547a5u3odiq7gnck",
            "issued_at": "",
            "issuer": "",
            "labels": null,
            "managed": [
              {
                "challenge_count": 0,
                "challenge_type": "DNS_CNAME"
              }
            ],
            "name": "cert",
            "not_after": "",
            "not_before": "",
            "self_managed": [],
            "serial": "",
            "status": "VALIDATING",
            "subject": "",
            "timeouts": null,
            "type": "MANAGED",
            "updated_at": "2023-11-29T16:50:30Z"
          },
          "sensitive_attributes": [],
          "private": "eyJlMmJmYjczMC1lY2FhLTExZTYtOGY4OC0zNDM2M2JjN2M0YzAiOnsiY3JlYXRlIjo2MDAwMDAwMDAwMCwiZGVsZXRlIjo2MDAwMDAwMDAwMCwicmVhZCI6NjAwMDAwMDAwMDAsInVwZGF0ZSI6NjAwMDAwMDAwMDB9LCJzY2hlbWFfdmVyc2lvbiI6IjEifQ=="
        }
      ]
    },
    {
      "mode": "managed",
      "type": "yandex_ydb_database_serverless",
      "name": "vvot09-db-photo-face",
      "provider": "provider[\"registry.terraform.io/yandex-cloud/yandex\"]",
      "instances": [
        {
          "schema_version": 0,
          "attributes": {
            "created_at": "2023-11-29T16:50:30Z",
            "database_path": "/ru-central1/b1g71e95h51okii30p25/etng17g0q0ciud1kk7u9",
            "deletion_protection": false,
            "description": "",
            "document_api_endpoint": "https://docapi.serverless.yandexcloud.net/ru-central1/b1g71e95h51okii30p25/etng17g0q0ciud1kk7u9",
            "folder_id": "b1g8rqr6hk041qarcuvq",
            "id": "etng17g0q0ciud1kk7u9",
            "labels": null,
            "location_id": "ru-central1",
            "name": "vvot09-db-photo-face",
            "serverless_database": [
              {
                "enable_throttling_rcu_limit": false,
                "provisioned_rcu_limit": 0,
                "storage_size_limit": 5,
                "throttling_rcu_limit": 0
              }
            ],
            "status": "RUNNING",
            "timeouts": null,
            "tls_enabled": true,
            "ydb_api_endpoint": "ydb.serverless.yandexcloud.net:2135",
            "ydb_full_endpoint": "grpcs://ydb.serverless.yandexcloud.net:2135/?database=/ru-central1/b1g71e95h51okii30p25/etng17g0q0ciud1kk7u9"
          },
          "sensitive_attributes": [],
          "private": "eyJlMmJmYjczMC1lY2FhLTExZTYtOGY4OC0zNDM2M2JjN2M0YzAiOnsiY3JlYXRlIjo2MDAwMDAwMDAwMDAsImRlZmF1bHQiOjYwMDAwMDAwMDAwMCwiZGVsZXRlIjo2MDAwMDAwMDAwMDAsInJlYWQiOjYwMDAwMDAwMDAwMCwidXBkYXRlIjo2MDAwMDAwMDAwMDB9fQ=="
        }
      ]
    },
    {
      "mode": "managed",
      "type": "yandex_ydb_table",
      "name": "test_table",
      "provider": "provider[\"registry.terraform.io/yandex-cloud/yandex\"]",
      "instances": [
        {
          "schema_version": 0,
          "attributes": {
            "attributes": {},
            "column": [
              {
                "family": "",
                "name": "id",
                "not_null": true,
                "type": "Utf8"
              },
              {
                "family": "",
                "name": "name",
                "not_null": false,
                "type": "Utf8"
              },
              {
                "family": "",
                "name": "original_img",
                "not_null": false,
                "type": "Utf8"
              }
            ],
            "connection_string": "grpcs://ydb.serverless.yandexcloud.net:2135/?database=/ru-central1/b1g71e95h51okii30p25/etng17g0q0ciud1kk7u9",
            "family": [],
            "id": "grpcs://ydb.serverless.yandexcloud.net:2135/?database=/ru-central1/b1g71e95h51okii30p25/etng17g0q0ciud1kk7u9?path=faces_table",
            "key_bloom_filter": false,
            "partitioning_settings": [
              {
                "auto_partitioning_by_load": false,
                "auto_partitioning_by_size_enabled": true,
                "auto_partitioning_max_partitions_count": 0,
                "auto_partitioning_min_partitions_count": 1,
                "auto_partitioning_partition_size_mb": 2048,
                "partition_at_keys": [],
                "uniform_partitions": 0
              }
            ],
            "path": "faces_table",
            "primary_key": [
              "id"
            ],
            "read_replicas_settings": "PER_AZ:0",
            "timeouts": null,
            "ttl": []
          },
          "sensitive_attributes": [],
          "private": "eyJlMmJmYjczMC1lY2FhLTExZTYtOGY4OC0zNDM2M2JjN2M0YzAiOnsiY3JlYXRlIjoxMjAwMDAwMDAwMDAwLCJkZWZhdWx0IjoxMjAwMDAwMDAwMDAwLCJkZWxldGUiOjEyMDAwMDAwMDAwMDAsInJlYWQiOjEyMDAwMDAwMDAwMDAsInVwZGF0ZSI6MTIwMDAwMDAwMDAwMH19",
          "dependencies": [
            "yandex_ydb_database_serverless.vvot09-db-photo-face"
          ]
        }
      ]
    }
  ],
  "check_results": null
}
